{
  "requires": true,
  "lockfileVersion": 1,
  "dependencies": {
    "docsify-sidebar-collapse": {
      "version": "1.1.5",
      "resolved": "https://registry.npmjs.org/docsify-sidebar-collapse/-/docsify-sidebar-collapse-1.1.5.tgz",
      "integrity": "sha512-pEf8EGKnev6u5ibKIvn0VuxzKuyIJGYdd1/KEQ3GUvD4Q0o2lsD257GNX0tLdjswWjyU5QfY9I+fGH6fefE5hg=="
    }
  }
}
